// !$*UTF8*$!
{
	archiveVersion = 1;
	classes = {
	};
	objectVersion = 46;
	objects = {

/* Begin PBXBuildFile section */
		01E64ACC8EDAB175690DCD60 /* include_juce_events.mm */ = {isa = PBXBuildFile; fileRef = CD4B2B0CDF08245E9EFDE1E9; };
		03C941A13306D04782CFC27D /* include_juce_audio_processors_ara.cpp */ = {isa = PBXBuildFile; fileRef = BED2412626B3E92DDDA948E9; };
		1F43B83FCEA0C0AD919712A8 /* DiscRecording.framework */ = {isa = PBXBuildFile; fileRef = 324A6B0374EF53DA4E1DC6AE; };
		35506F78D412651B928B2315 /* include_juce_audio_processors_lv2_libs.cpp */ = {isa = PBXBuildFile; fileRef = 8A9ED985810E9C3DDCD83ED6; };
		3E5105D0842E605B1020E3EA /* include_juce_audio_processors.mm */ = {isa = PBXBuildFile; fileRef = 7CC5EE2ACE6B19974A1D5406; };
		48EEB9BDC88530004BB30060 /* CoreAudio.framework */ = {isa = PBXBuildFile; fileRef = 58052BA31566D378AEE48B33; };
		4BB05A5A8509D5CA854286B3 /* include_juce_graphics.mm */ = {isa = PBXBuildFile; fileRef = 2B0FA10F7F8674CFFDD88069; };
		5005F7E233A7B06FFBB7F3E0 /* include_juce_audio_devices.mm */ = {isa = PBXBuildFile; fileRef = F2986EF9695878381969AFE8; };
		5B844C83C2FBE4D266535F3F /* CoreMIDI.framework */ = {isa = PBXBuildFile; fileRef = D379FDAC10348B728110DE59; };
		5EB438D4DF776DC740703DC6 /* AudioToolbox.framework */ = {isa = PBXBuildFile; fileRef = FDFEA1746D04F7E3166E87E1; };
		697BBA74F0AC321DC941063A /* include_juce_gui_extra.mm */ = {isa = PBXBuildFile; fileRef = A73EA888CB6D7E3F32716DB1; };
		70098620CFAE79BE077C84DB /* Main.cpp */ = {isa = PBXBuildFile; fileRef = A0727A5011879BF4535E2A49; };
		7A8BA45B23A0903EF37330EE /* IOKit.framework */ = {isa = PBXBuildFile; fileRef = 68D2A6DABEDD716F428604E4; };
		7D7585E32EF090A2627B8D3D /* QuartzCore.framework */ = {isa = PBXBuildFile; fileRef = B6C72850B6FCE7C95EE16E1E; };
		86E5606E07483CE95377F976 /* WebKit.framework */ = {isa = PBXBuildFile; fileRef = C3244C8992A71DD663C2CFA5; };
		8950C13A414F510CF6821550 /* PositionLine.cpp */ = {isa = PBXBuildFile; fileRef = B6E01911ADE3DAAFC5F61896; };
		8C4626272EF6F195F722F1AD /* include_juce_dsp.mm */ = {isa = PBXBuildFile; fileRef = EDD22A5DBCE21DE24F86BDCF; };
		9D6E291BAAAFB8A431169CE7 /* Accelerate.framework */ = {isa = PBXBuildFile; fileRef = EDCC0F3243A7BB6F72580719; };
		A2629720B74C9CD132BFEF90 /* Cocoa.framework */ = {isa = PBXBuildFile; fileRef = CA6775CD6C07B0846EAFAE92; };
		A30B75CA046E2069761DF565 /* include_juce_audio_basics.mm */ = {isa = PBXBuildFile; fileRef = 98C3BF6ADAA2EC55C3D53826; };
		B16CC7AD55D33EABBA57E50D /* include_juce_data_structures.mm */ = {isa = PBXBuildFile; fileRef = 8C891F0627386842648694F3; };
		BB388AD3D0B32B2360D5AA4B /* Foundation.framework */ = {isa = PBXBuildFile; fileRef = 4F3B2C9E1753FB0AF043ED74; };
		C943155CB00591E923E6BB2B /* include_juce_audio_formats.mm */ = {isa = PBXBuildFile; fileRef = 74129338200F9BB961D37B4F; };
		D017A57DE8D327143F50E8FD /* RecentFilesMenuTemplate.nib */ = {isa = PBXBuildFile; fileRef = 06E8D73A83F6FEBC3D504B58; };
		D6D6F90FF45131D1F23987F1 /* Waveform.cpp */ = {isa = PBXBuildFile; fileRef = 6AE539E9ED8A7A190E867B43; };
		D9FE0A744B9AAAF676235876 /* MainComponent.cpp */ = {isa = PBXBuildFile; fileRef = 32364B05DF5078DA56C6D5AB; };
		DA1A442209EE007D9DC91827 /* App */ = {isa = PBXBuildFile; fileRef = 710D7B9A493B54F7DBF58FBA; };
		DA9D636E90FDE22B06FCA4A8 /* CoreAudioKit.framework */ = {isa = PBXBuildFile; fileRef = A33D010E43257F49BFE0805D; };
		DCF7D68211C4760D42CD7E4E /* include_juce_gui_basics.mm */ = {isa = PBXBuildFile; fileRef = BCCF58AD183830CC5D54F11A; };
		E8FC7EB90A5D556A4C464255 /* include_juce_audio_utils.mm */ = {isa = PBXBuildFile; fileRef = 505BDF073FB00F3C32A43450; };
		ED8D8F6F250D804677283CDB /* include_juce_core.mm */ = {isa = PBXBuildFile; fileRef = A340177D287843AD24589640; };
		FCFEAB7C86F0421E3C784145 /* Spectrum.cpp */ = {isa = PBXBuildFile; fileRef = 728223A6E1FF208F33410DC0; };
/* End PBXBuildFile section */

/* Begin PBXFileReference section */
		06E8D73A83F6FEBC3D504B58 /* RecentFilesMenuTemplate.nib */ /* RecentFilesMenuTemplate.nib */ = {isa = PBXFileReference; lastKnownFileType = file.nib; name = RecentFilesMenuTemplate.nib; path = RecentFilesMenuTemplate.nib; sourceTree = SOURCE_ROOT; };
		088B7F2F44131DADC5566E29 /* juce_gui_basics */ /* juce_gui_basics */ = {isa = PBXFileReference; lastKnownFileType = folder; name = juce_gui_basics; path = ../../JuceLibraryCode/modules/juce_gui_basics; sourceTree = SOURCE_ROOT; };
		0C6B1550E40A36C1E7D060E6 /* PositionLine.h */ /* PositionLine.h */ = {isa = PBXFileReference; lastKnownFileType = sourcecode.c.h; name = PositionLine.h; path = ../../Source/PositionLine.h; sourceTree = SOURCE_ROOT; };
		1F9A51D2D35E84DE1EE6C876 /* juce_audio_processors */ /* juce_audio_processors */ = {isa = PBXFileReference; lastKnownFileType = folder; name = juce_audio_processors; path = ../../JuceLibraryCode/modules/juce_audio_processors; sourceTree = SOURCE_ROOT; };
		219D69E69B451B1E8E84349D /* juce_gui_extra */ /* juce_gui_extra */ = {isa = PBXFileReference; lastKnownFileType = folder; name = juce_gui_extra; path = ../../JuceLibraryCode/modules/juce_gui_extra; sourceTree = SOURCE_ROOT; };
		2B0FA10F7F8674CFFDD88069 /* include_juce_graphics.mm */ /* include_juce_graphics.mm */ = {isa = PBXFileReference; lastKnownFileType = sourcecode.cpp.objcpp; name = include_juce_graphics.mm; path = ../../JuceLibraryCode/include_juce_graphics.mm; sourceTree = SOURCE_ROOT; };
		32364B05DF5078DA56C6D5AB /* MainComponent.cpp */ /* MainComponent.cpp */ = {isa = PBXFileReference; lastKnownFileType = sourcecode.cpp.cpp; name = MainComponent.cpp; path = ../../Source/MainComponent.cpp; sourceTree = SOURCE_ROOT; };
		324A6B0374EF53DA4E1DC6AE /* DiscRecording.framework */ /* DiscRecording.framework */ = {isa = PBXFileReference; lastKnownFileType = wrapper.framework; name = DiscRecording.framework; path = System/Library/Frameworks/DiscRecording.framework; sourceTree = SDKROOT; };
		4F3B2C9E1753FB0AF043ED74 /* Foundation.framework */ /* Foundation.framework */ = {isa = PBXFileReference; lastKnownFileType = wrapper.framework; name = Foundation.framework; path = System/Library/Frameworks/Foundation.framework; sourceTree = SDKROOT; };
		505BDF073FB00F3C32A43450 /* include_juce_audio_utils.mm */ /* include_juce_audio_utils.mm */ = {isa = PBXFileReference; lastKnownFileType = sourcecode.cpp.objcpp; name = include_juce_audio_utils.mm; path = ../../JuceLibraryCode/include_juce_audio_utils.mm; sourceTree = SOURCE_ROOT; };
		578CD7F160E1D51743665403 /* Info-App.plist */ /* Info-App.plist */ = {isa = PBXFileReference; lastKnownFileType = text.plist.xml; name = "Info-App.plist"; path = "Info-App.plist"; sourceTree = SOURCE_ROOT; };
		58052BA31566D378AEE48B33 /* CoreAudio.framework */ /* CoreAudio.framework */ = {isa = PBXFileReference; lastKnownFileType = wrapper.framework; name = CoreAudio.framework; path = System/Library/Frameworks/CoreAudio.framework; sourceTree = SDKROOT; };
		5E4B4CE7D979224950C7D09F /* Spectrum.h */ /* Spectrum.h */ = {isa = PBXFileReference; lastKnownFileType = sourcecode.c.h; name = Spectrum.h; path = ../../Source/Spectrum.h; sourceTree = SOURCE_ROOT; };
		6099E91E95631339B8C107A3 /* JuceHeader.h */ /* JuceHeader.h */ = {isa = PBXFileReference; lastKnownFileType = sourcecode.c.h; name = JuceHeader.h; path = ../../JuceLibraryCode/JuceHeader.h; sourceTree = SOURCE_ROOT; };
		68D2A6DABEDD716F428604E4 /* IOKit.framework */ /* IOKit.framework */ = {isa = PBXFileReference; lastKnownFileType = wrapper.framework; name = IOKit.framework; path = System/Library/Frameworks/IOKit.framework; sourceTree = SDKROOT; };
		6AE539E9ED8A7A190E867B43 /* Waveform.cpp */ /* Waveform.cpp */ = {isa = PBXFileReference; lastKnownFileType = sourcecode.cpp.cpp; name = Waveform.cpp; path = ../../Source/Waveform.cpp; sourceTree = SOURCE_ROOT; };
		710D7B9A493B54F7DBF58FBA /* App */ = {isa = PBXFileReference; explicitFileType = wrapper.application; includeInIndex = 0; path = Audio_Player.app; sourceTree = BUILT_PRODUCTS_DIR; };
		728223A6E1FF208F33410DC0 /* Spectrum.cpp */ /* Spectrum.cpp */ = {isa = PBXFileReference; lastKnownFileType = sourcecode.cpp.cpp; name = Spectrum.cpp; path = ../../Source/Spectrum.cpp; sourceTree = SOURCE_ROOT; };
		74129338200F9BB961D37B4F /* include_juce_audio_formats.mm */ /* include_juce_audio_formats.mm */ = {isa = PBXFileReference; lastKnownFileType = sourcecode.cpp.objcpp; name = include_juce_audio_formats.mm; path = ../../JuceLibraryCode/include_juce_audio_formats.mm; sourceTree = SOURCE_ROOT; };
		74D5A50F6E3D1900C8D65322 /* Waveform.h */ /* Waveform.h */ = {isa = PBXFileReference; lastKnownFileType = sourcecode.c.h; name = Waveform.h; path = ../../Source/Waveform.h; sourceTree = SOURCE_ROOT; };
		7CC5EE2ACE6B19974A1D5406 /* include_juce_audio_processors.mm */ /* include_juce_audio_processors.mm */ = {isa = PBXFileReference; lastKnownFileType = sourcecode.cpp.objcpp; name = include_juce_audio_processors.mm; path = ../../JuceLibraryCode/include_juce_audio_processors.mm; sourceTree = SOURCE_ROOT; };
		86F69529535A3124897A00E5 /* juce_core */ /* juce_core */ = {isa = PBXFileReference; lastKnownFileType = folder; name = juce_core; path = ../../JuceLibraryCode/modules/juce_core; sourceTree = SOURCE_ROOT; };
		8A9ED985810E9C3DDCD83ED6 /* include_juce_audio_processors_lv2_libs.cpp */ /* include_juce_audio_processors_lv2_libs.cpp */ = {isa = PBXFileReference; lastKnownFileType = sourcecode.cpp.cpp; name = include_juce_audio_processors_lv2_libs.cpp; path = ../../JuceLibraryCode/include_juce_audio_processors_lv2_libs.cpp; sourceTree = SOURCE_ROOT; };
		8C891F0627386842648694F3 /* include_juce_data_structures.mm */ /* include_juce_data_structures.mm */ = {isa = PBXFileReference; lastKnownFileType = sourcecode.cpp.objcpp; name = include_juce_data_structures.mm; path = ../../JuceLibraryCode/include_juce_data_structures.mm; sourceTree = SOURCE_ROOT; };
		916214525D6B5F1D41C9D937 /* juce_events */ /* juce_events */ = {isa = PBXFileReference; lastKnownFileType = folder; name = juce_events; path = ../../JuceLibraryCode/modules/juce_events; sourceTree = SOURCE_ROOT; };
		98C3BF6ADAA2EC55C3D53826 /* include_juce_audio_basics.mm */ /* include_juce_audio_basics.mm */ = {isa = PBXFileReference; lastKnownFileType = sourcecode.cpp.objcpp; name = include_juce_audio_basics.mm; path = ../../JuceLibraryCode/include_juce_audio_basics.mm; sourceTree = SOURCE_ROOT; };
		A0727A5011879BF4535E2A49 /* Main.cpp */ /* Main.cpp */ = {isa = PBXFileReference; lastKnownFileType = sourcecode.cpp.cpp; name = Main.cpp; path = ../../Source/Main.cpp; sourceTree = SOURCE_ROOT; };
		A33D010E43257F49BFE0805D /* CoreAudioKit.framework */ /* CoreAudioKit.framework */ = {isa = PBXFileReference; lastKnownFileType = wrapper.framework; name = CoreAudioKit.framework; path = System/Library/Frameworks/CoreAudioKit.framework; sourceTree = SDKROOT; };
		A340177D287843AD24589640 /* include_juce_core.mm */ /* include_juce_core.mm */ = {isa = PBXFileReference; lastKnownFileType = sourcecode.cpp.objcpp; name = include_juce_core.mm; path = ../../JuceLibraryCode/include_juce_core.mm; sourceTree = SOURCE_ROOT; };
		A73EA888CB6D7E3F32716DB1 /* include_juce_gui_extra.mm */ /* include_juce_gui_extra.mm */ = {isa = PBXFileReference; lastKnownFileType = sourcecode.cpp.objcpp; name = include_juce_gui_extra.mm; path = ../../JuceLibraryCode/include_juce_gui_extra.mm; sourceTree = SOURCE_ROOT; };
		B01B4B2678228C953EA4D038 /* MainComponent.h */ /* MainComponent.h */ = {isa = PBXFileReference; lastKnownFileType = sourcecode.c.h; name = MainComponent.h; path = ../../Source/MainComponent.h; sourceTree = SOURCE_ROOT; };
		B14C5A9E1609176C3F68F60F /* juce_audio_utils */ /* juce_audio_utils */ = {isa = PBXFileReference; lastKnownFileType = folder; name = juce_audio_utils; path = ../../JuceLibraryCode/modules/juce_audio_utils; sourceTree = SOURCE_ROOT; };
		B6C72850B6FCE7C95EE16E1E /* QuartzCore.framework */ /* QuartzCore.framework */ = {isa = PBXFileReference; lastKnownFileType = wrapper.framework; name = QuartzCore.framework; path = System/Library/Frameworks/QuartzCore.framework; sourceTree = SDKROOT; };
		B6E01911ADE3DAAFC5F61896 /* PositionLine.cpp */ /* PositionLine.cpp */ = {isa = PBXFileReference; lastKnownFileType = sourcecode.cpp.cpp; name = PositionLine.cpp; path = ../../Source/PositionLine.cpp; sourceTree = SOURCE_ROOT; };
		B76FF61FD4BA961F374D1D88 /* juce_dsp */ /* juce_dsp */ = {isa = PBXFileReference; lastKnownFileType = folder; name = juce_dsp; path = ../../JuceLibraryCode/modules/juce_dsp; sourceTree = SOURCE_ROOT; };
		BCCF58AD183830CC5D54F11A /* include_juce_gui_basics.mm */ /* include_juce_gui_basics.mm */ = {isa = PBXFileReference; lastKnownFileType = sourcecode.cpp.objcpp; name = include_juce_gui_basics.mm; path = ../../JuceLibraryCode/include_juce_gui_basics.mm; sourceTree = SOURCE_ROOT; };
		BED2412626B3E92DDDA948E9 /* include_juce_audio_processors_ara.cpp */ /* include_juce_audio_processors_ara.cpp */ = {isa = PBXFileReference; lastKnownFileType = sourcecode.cpp.cpp; name = include_juce_audio_processors_ara.cpp; path = ../../JuceLibraryCode/include_juce_audio_processors_ara.cpp; sourceTree = SOURCE_ROOT; };
		C3244C8992A71DD663C2CFA5 /* WebKit.framework */ /* WebKit.framework */ = {isa = PBXFileReference; lastKnownFileType = wrapper.framework; name = WebKit.framework; path = System/Library/Frameworks/WebKit.framework; sourceTree = SDKROOT; };
		CA6775CD6C07B0846EAFAE92 /* Cocoa.framework */ /* Cocoa.framework */ = {isa = PBXFileReference; lastKnownFileType = wrapper.framework; name = Cocoa.framework; path = System/Library/Frameworks/Cocoa.framework; sourceTree = SDKROOT; };
		CD4B2B0CDF08245E9EFDE1E9 /* include_juce_events.mm */ /* include_juce_events.mm */ = {isa = PBXFileReference; lastKnownFileType = sourcecode.cpp.objcpp; name = include_juce_events.mm; path = ../../JuceLibraryCode/include_juce_events.mm; sourceTree = SOURCE_ROOT; };
		D379FDAC10348B728110DE59 /* CoreMIDI.framework */ /* CoreMIDI.framework */ = {isa = PBXFileReference; lastKnownFileType = wrapper.framework; name = CoreMIDI.framework; path = System/Library/Frameworks/CoreMIDI.framework; sourceTree = SDKROOT; };
		D456728967F97481A75F4ABD /* juce_graphics */ /* juce_graphics */ = {isa = PBXFileReference; lastKnownFileType = folder; name = juce_graphics; path = ../../JuceLibraryCode/modules/juce_graphics; sourceTree = SOURCE_ROOT; };
		E56EFEB8A247AB3E5CBD8ACF /* juce_audio_formats */ /* juce_audio_formats */ = {isa = PBXFileReference; lastKnownFileType = folder; name = juce_audio_formats; path = ../../JuceLibraryCode/modules/juce_audio_formats; sourceTree = SOURCE_ROOT; };
		EDCC0F3243A7BB6F72580719 /* Accelerate.framework */ /* Accelerate.framework */ = {isa = PBXFileReference; lastKnownFileType = wrapper.framework; name = Accelerate.framework; path = System/Library/Frameworks/Accelerate.framework; sourceTree = SDKROOT; };
		EDD22A5DBCE21DE24F86BDCF /* include_juce_dsp.mm */ /* include_juce_dsp.mm */ = {isa = PBXFileReference; lastKnownFileType = sourcecode.cpp.objcpp; name = include_juce_dsp.mm; path = ../../JuceLibraryCode/include_juce_dsp.mm; sourceTree = SOURCE_ROOT; };
		F287E60CFC184FA90A236C18 /* juce_audio_basics */ /* juce_audio_basics */ = {isa = PBXFileReference; lastKnownFileType = folder; name = juce_audio_basics; path = ../../JuceLibraryCode/modules/juce_audio_basics; sourceTree = SOURCE_ROOT; };
		F2986EF9695878381969AFE8 /* include_juce_audio_devices.mm */ /* include_juce_audio_devices.mm */ = {isa = PBXFileReference; lastKnownFileType = sourcecode.cpp.objcpp; name = include_juce_audio_devices.mm; path = ../../JuceLibraryCode/include_juce_audio_devices.mm; sourceTree = SOURCE_ROOT; };
		F4522116E21DCA1F54E550C1 /* juce_audio_devices */ /* juce_audio_devices */ = {isa = PBXFileReference; lastKnownFileType = folder; name = juce_audio_devices; path = ../../JuceLibraryCode/modules/juce_audio_devices; sourceTree = SOURCE_ROOT; };
		F738002120191C594E1CB695 /* juce_data_structures */ /* juce_data_structures */ = {isa = PBXFileReference; lastKnownFileType = folder; name = juce_data_structures; path = ../../JuceLibraryCode/modules/juce_data_structures; sourceTree = SOURCE_ROOT; };
		FDFEA1746D04F7E3166E87E1 /* AudioToolbox.framework */ /* AudioToolbox.framework */ = {isa = PBXFileReference; lastKnownFileType = wrapper.framework; name = AudioToolbox.framework; path = System/Library/Frameworks/AudioToolbox.framework; sourceTree = SDKROOT; };
/* End PBXFileReference section */

/* Begin PBXFrameworksBuildPhase section */
		81F52479CC6D176FF679B902 = {
			isa = PBXFrameworksBuildPhase;
			buildActionMask = 2147483647;
			files = (
				9D6E291BAAAFB8A431169CE7,
				5EB438D4DF776DC740703DC6,
				A2629720B74C9CD132BFEF90,
				48EEB9BDC88530004BB30060,
				DA9D636E90FDE22B06FCA4A8,
				5B844C83C2FBE4D266535F3F,
				1F43B83FCEA0C0AD919712A8,
				BB388AD3D0B32B2360D5AA4B,
				7A8BA45B23A0903EF37330EE,
				7D7585E32EF090A2627B8D3D,
				86E5606E07483CE95377F976,
			);
			runOnlyForDeploymentPostprocessing = 0;
		};
/* End PBXFrameworksBuildPhase section */

/* Begin PBXGroup section */
		035B967E1811D4A951714F55 /* Source */ = {
			isa = PBXGroup;
			children = (
				287C3AA2ACA471660164C199,
				DCCCFBD2EBE108286B3F28B4,
				EC112C3DA9A3FFCFA85766D8,
				2AA09F0CBFCE1AFE7538F06E,
				9CE34FA10D353D46467F7917,
				BAA207DEFBD78D15A7A064CE,
			);
			name = Source;
			sourceTree = "<group>";
		};
		287C3AA2ACA471660164C199 /* Audio_Player */ = {
			isa = PBXGroup;
			children = (
				2C475955DCCAEA98947291AF,
			);
			name = Audio_Player;
			sourceTree = "<group>";
		};
		2AA09F0CBFCE1AFE7538F06E /* Resources */ = {
			isa = PBXGroup;
			children = (
				578CD7F160E1D51743665403,
				06E8D73A83F6FEBC3D504B58,
			);
			name = Resources;
			sourceTree = "<group>";
		};
		2C475955DCCAEA98947291AF /* Source */ = {
			isa = PBXGroup;
			children = (
				728223A6E1FF208F33410DC0,
				5E4B4CE7D979224950C7D09F,
				6AE539E9ED8A7A190E867B43,
				0C6B1550E40A36C1E7D060E6,
				A0727A5011879BF4535E2A49,
				B6E01911ADE3DAAFC5F61896,
				74D5A50F6E3D1900C8D65322,
				B01B4B2678228C953EA4D038,
				32364B05DF5078DA56C6D5AB,
			);
			name = Source;
			sourceTree = "<group>";
		};
		9CE34FA10D353D46467F7917 /* Frameworks */ = {
			isa = PBXGroup;
			children = (
				EDCC0F3243A7BB6F72580719,
				FDFEA1746D04F7E3166E87E1,
				CA6775CD6C07B0846EAFAE92,
				58052BA31566D378AEE48B33,
				A33D010E43257F49BFE0805D,
				D379FDAC10348B728110DE59,
				324A6B0374EF53DA4E1DC6AE,
				4F3B2C9E1753FB0AF043ED74,
				68D2A6DABEDD716F428604E4,
				B6C72850B6FCE7C95EE16E1E,
				C3244C8992A71DD663C2CFA5,
			);
			name = Frameworks;
			sourceTree = "<group>";
		};
		BAA207DEFBD78D15A7A064CE /* Products */ = {
			isa = PBXGroup;
			children = (
				710D7B9A493B54F7DBF58FBA,
			);
			name = Products;
			sourceTree = "<group>";
		};
		DCCCFBD2EBE108286B3F28B4 /* JUCE Modules */ = {
			isa = PBXGroup;
			children = (
				F287E60CFC184FA90A236C18,
				F4522116E21DCA1F54E550C1,
				E56EFEB8A247AB3E5CBD8ACF,
				1F9A51D2D35E84DE1EE6C876,
				B14C5A9E1609176C3F68F60F,
				86F69529535A3124897A00E5,
				F738002120191C594E1CB695,
				B76FF61FD4BA961F374D1D88,
				916214525D6B5F1D41C9D937,
				D456728967F97481A75F4ABD,
				088B7F2F44131DADC5566E29,
				219D69E69B451B1E8E84349D,
			);
			name = "JUCE Modules";
			sourceTree = "<group>";
		};
		EC112C3DA9A3FFCFA85766D8 /* JUCE Library Code */ = {
			isa = PBXGroup;
			children = (
				98C3BF6ADAA2EC55C3D53826,
				F2986EF9695878381969AFE8,
				74129338200F9BB961D37B4F,
				7CC5EE2ACE6B19974A1D5406,
				BED2412626B3E92DDDA948E9,
				8A9ED985810E9C3DDCD83ED6,
				505BDF073FB00F3C32A43450,
				A340177D287843AD24589640,
				8C891F0627386842648694F3,
				EDD22A5DBCE21DE24F86BDCF,
				CD4B2B0CDF08245E9EFDE1E9,
				2B0FA10F7F8674CFFDD88069,
				BCCF58AD183830CC5D54F11A,
				A73EA888CB6D7E3F32716DB1,
				6099E91E95631339B8C107A3,
			);
			name = "JUCE Library Code";
			sourceTree = "<group>";
		};
/* End PBXGroup section */

/* Begin PBXNativeTarget section */
		86FC9ACD6112B48733B66B65 /* Audio_Player - App */ = {
			isa = PBXNativeTarget;
			buildConfigurationList = FB7B7214081D15DAF886CE66;
			buildPhases = (
				3F05F4BF656FEF61E0C5E51B,
				48590995FA41D81C2D345B50,
				81F52479CC6D176FF679B902,
			);
			buildRules = (
			);
			dependencies = (
			);
			name = "Audio_Player - App";
			productName = Audio_Player;
			productReference = 710D7B9A493B54F7DBF58FBA;
			productType = "com.apple.product-type.application";
		};
/* End PBXNativeTarget section */

/* Begin PBXProject section */
		833603D50F007C3D8FD3FE5B = {
			isa = PBXProject;
			attributes = {
				LastUpgradeCheck = 1340;
				ORGANIZATIONNAME = "";
				TargetAttributes = {
					86FC9ACD6112B48733B66B65 = {
						SystemCapabilities = {
							com.apple.ApplicationGroups.iOS = {
								enabled = 0;
							};
							com.apple.HardenedRuntime = {
								enabled = 0;
							};
							com.apple.InAppPurchase = {
								enabled = 0;
							};
							com.apple.InterAppAudio = {
								enabled = 0;
							};
							com.apple.Push = {
								enabled = 0;
							};
							com.apple.Sandbox = {
								enabled = 0;
							};
						};
					};
				};
			};
			buildConfigurationList = 069CFD33940CAFACB5A4BECF;
			compatibilityVersion = "Xcode 3.2";
			hasScannedForEncodings = 0;
			knownRegions = (
				en,
				Base,
			);
			mainGroup = 035B967E1811D4A951714F55;
			projectDirPath = "";
			projectRoot = "";
			targets = (
				86FC9ACD6112B48733B66B65,
			);
		};
/* End PBXProject section */

/* Begin PBXResourcesBuildPhase section */
		3F05F4BF656FEF61E0C5E51B = {
			isa = PBXResourcesBuildPhase;
			buildActionMask = 2147483647;
			files = (
				D017A57DE8D327143F50E8FD,
			);
			runOnlyForDeploymentPostprocessing = 0;
		};
/* End PBXResourcesBuildPhase section */

/* Begin PBXSourcesBuildPhase section */
		48590995FA41D81C2D345B50 = {
			isa = PBXSourcesBuildPhase;
			buildActionMask = 2147483647;
			files = (
				FCFEAB7C86F0421E3C784145,
				D6D6F90FF45131D1F23987F1,
				70098620CFAE79BE077C84DB,
				8950C13A414F510CF6821550,
				D9FE0A744B9AAAF676235876,
				A30B75CA046E2069761DF565,
				5005F7E233A7B06FFBB7F3E0,
				C943155CB00591E923E6BB2B,
				3E5105D0842E605B1020E3EA,
				03C941A13306D04782CFC27D,
				35506F78D412651B928B2315,
				E8FC7EB90A5D556A4C464255,
				ED8D8F6F250D804677283CDB,
				B16CC7AD55D33EABBA57E50D,
				8C4626272EF6F195F722F1AD,
				01E64ACC8EDAB175690DCD60,
				4BB05A5A8509D5CA854286B3,
				DCF7D68211C4760D42CD7E4E,
				697BBA74F0AC321DC941063A,
			);
			runOnlyForDeploymentPostprocessing = 0;
		};
/* End PBXSourcesBuildPhase section */

/* Begin XCBuildConfiguration section */
		1E76E23CB3CF17FFA8C93E03 /* Release */ = {
			isa = XCBuildConfiguration;
			buildSettings = {
				CLANG_CXX_LANGUAGE_STANDARD = "c++14";
				CLANG_CXX_LIBRARY = "libc++";
				CLANG_LINK_OBJC_RUNTIME = NO;
				CODE_SIGN_IDENTITY = "";
				COMBINE_HIDPI_IMAGES = YES;
				CONFIGURATION_BUILD_DIR = "$(PROJECT_DIR)/build/$(CONFIGURATION)";
				DEAD_CODE_STRIPPING = YES;
				EXCLUDED_ARCHS = "";
				GCC_GENERATE_DEBUGGING_SYMBOLS = NO;
				GCC_OPTIMIZATION_LEVEL = 3;
				GCC_PREPROCESSOR_DEFINITIONS = (
					"_NDEBUG=1",
					"NDEBUG=1",
					"JUCE_DISPLAY_SPLASH_SCREEN=1",
					"JUCE_USE_DARK_SPLASH_SCREEN=1",
					"JUCE_PROJUCER_VERSION=0x70002",
					"JUCE_MODULE_AVAILABLE_juce_audio_basics=1",
					"JUCE_MODULE_AVAILABLE_juce_audio_devices=1",
					"JUCE_MODULE_AVAILABLE_juce_audio_formats=1",
					"JUCE_MODULE_AVAILABLE_juce_audio_processors=1",
					"JUCE_MODULE_AVAILABLE_juce_audio_utils=1",
					"JUCE_MODULE_AVAILABLE_juce_core=1",
					"JUCE_MODULE_AVAILABLE_juce_data_structures=1",
					"JUCE_MODULE_AVAILABLE_juce_dsp=1",
					"JUCE_MODULE_AVAILABLE_juce_events=1",
					"JUCE_MODULE_AVAILABLE_juce_graphics=1",
					"JUCE_MODULE_AVAILABLE_juce_gui_basics=1",
					"JUCE_MODULE_AVAILABLE_juce_gui_extra=1",
					"JUCE_GLOBAL_MODULE_SETTINGS_INCLUDED=1",
					"JUCE_STRICT_REFCOUNTEDPOINTER=1",
					"JUCE_STANDALONE_APPLICATION=1",
					"JUCER_XCODE_MAC_F6D2F4CF=1",
					"JUCE_APP_VERSION=1.0.0",
					"JUCE_APP_VERSION_HEX=0x10000",
					"JucePlugin_Build_VST=0",
					"JucePlugin_Build_VST3=0",
					"JucePlugin_Build_AU=0",
					"JucePlugin_Build_AUv3=0",
					"JucePlugin_Build_AAX=0",
					"JucePlugin_Build_Standalone=0",
					"JucePlugin_Build_Unity=0",
					"JucePlugin_Build_LV2=0",
				);
				GCC_VERSION = com.apple.compilers.llvm.clang.1_0;
				HEADER_SEARCH_PATHS = (
					"$(SRCROOT)/../../JuceLibraryCode",
					"$(SRCROOT)/../../JuceLibraryCode/modules",
					"$(inherited)",
				);
				INFOPLIST_FILE = Info-App.plist;
				INFOPLIST_PREPROCESS = NO;
				INSTALL_PATH = "$(HOME)/Applications";
				LLVM_LTO = YES;
				MACOSX_DEPLOYMENT_TARGET = 10.11;
				MTL_HEADER_SEARCH_PATHS = "$(SRCROOT)/../../JuceLibraryCode $(SRCROOT)/../../JuceLibraryCode/modules";
				OTHER_LDFLAGS = "-weak_framework Metal -weak_framework MetalKit";
				PRODUCT_BUNDLE_IDENTIFIER = com.yourcompany.Audio_Player;
				PRODUCT_NAME = "Audio_Player";
				USE_HEADERMAP = NO;
				VALID_ARCHS = "i386 x86_64 arm64 arm64e";
			};
			name = Release;
		};
		2B0DC8AED5FF6A72258C915E /* Debug */ = {
			isa = XCBuildConfiguration;
			buildSettings = {
				CLANG_CXX_LANGUAGE_STANDARD = "c++14";
				CLANG_CXX_LIBRARY = "libc++";
				CLANG_LINK_OBJC_RUNTIME = NO;
				CODE_SIGN_IDENTITY = "";
				COMBINE_HIDPI_IMAGES = YES;
				CONFIGURATION_BUILD_DIR = "$(PROJECT_DIR)/build/$(CONFIGURATION)";
				COPY_PHASE_STRIP = NO;
				EXCLUDED_ARCHS = "";
				GCC_DYNAMIC_NO_PIC = NO;
				GCC_OPTIMIZATION_LEVEL = 0;
				GCC_PREPROCESSOR_DEFINITIONS = (
					"_DEBUG=1",
					"DEBUG=1",
					"JUCE_DISPLAY_SPLASH_SCREEN=1",
					"JUCE_USE_DARK_SPLASH_SCREEN=1",
					"JUCE_PROJUCER_VERSION=0x70002",
					"JUCE_MODULE_AVAILABLE_juce_audio_basics=1",
					"JUCE_MODULE_AVAILABLE_juce_audio_devices=1",
					"JUCE_MODULE_AVAILABLE_juce_audio_formats=1",
					"JUCE_MODULE_AVAILABLE_juce_audio_processors=1",
					"JUCE_MODULE_AVAILABLE_juce_audio_utils=1",
					"JUCE_MODULE_AVAILABLE_juce_core=1",
					"JUCE_MODULE_AVAILABLE_juce_data_structures=1",
					"JUCE_MODULE_AVAILABLE_juce_dsp=1",
					"JUCE_MODULE_AVAILABLE_juce_events=1",
					"JUCE_MODULE_AVAILABLE_juce_graphics=1",
					"JUCE_MODULE_AVAILABLE_juce_gui_basics=1",
					"JUCE_MODULE_AVAILABLE_juce_gui_extra=1",
					"JUCE_GLOBAL_MODULE_SETTINGS_INCLUDED=1",
					"JUCE_STRICT_REFCOUNTEDPOINTER=1",
					"JUCE_STANDALONE_APPLICATION=1",
					"JUCER_XCODE_MAC_F6D2F4CF=1",
					"JUCE_APP_VERSION=1.0.0",
					"JUCE_APP_VERSION_HEX=0x10000",
					"JucePlugin_Build_VST=0",
					"JucePlugin_Build_VST3=0",
					"JucePlugin_Build_AU=0",
					"JucePlugin_Build_AUv3=0",
					"JucePlugin_Build_AAX=0",
					"JucePlugin_Build_Standalone=0",
					"JucePlugin_Build_Unity=0",
					"JucePlugin_Build_LV2=0",
				);
				GCC_VERSION = com.apple.compilers.llvm.clang.1_0;
				HEADER_SEARCH_PATHS = (
					"$(SRCROOT)/../../JuceLibraryCode",
					"$(SRCROOT)/../../JuceLibraryCode/modules",
					"$(inherited)",
				);
				INFOPLIST_FILE = Info-App.plist;
				INFOPLIST_PREPROCESS = NO;
				INSTALL_PATH = "$(HOME)/Applications";
				MACOSX_DEPLOYMENT_TARGET = 10.11;
				MTL_HEADER_SEARCH_PATHS = "$(SRCROOT)/../../JuceLibraryCode $(SRCROOT)/../../JuceLibraryCode/modules";
				OTHER_LDFLAGS = "-weak_framework Metal -weak_framework MetalKit";
				PRODUCT_BUNDLE_IDENTIFIER = com.yourcompany.Audio_Player;
				PRODUCT_NAME = "Audio_Player";
				USE_HEADERMAP = NO;
				VALID_ARCHS = "i386 x86_64 arm64 arm64e";
			};
			name = Debug;
		};
		47B56A19A667B737F40712FD /* Release */ = {
			isa = XCBuildConfiguration;
			buildSettings = {
				ALWAYS_SEARCH_USER_PATHS = NO;
				CLANG_ENABLE_OBJC_WEAK = YES;
				CLANG_WARN_BLOCK_CAPTURE_AUTORELEASING = YES;
				CLANG_WARN_BOOL_CONVERSION = YES;
				CLANG_WARN_COMMA = YES;
				CLANG_WARN_CONSTANT_CONVERSION = YES;
				CLANG_WARN_DEPRECATED_OBJC_IMPLEMENTATIONS = YES;
				CLANG_WARN_EMPTY_BODY = YES;
				CLANG_WARN_ENUM_CONVERSION = YES;
				CLANG_WARN_INFINITE_RECURSION = YES;
				CLANG_WARN_INT_CONVERSION = YES;
				CLANG_WARN_NON_LITERAL_NULL_CONVERSION = YES;
				CLANG_WARN_OBJC_IMPLICIT_RETAIN_SELF = YES;
				CLANG_WARN_OBJC_LITERAL_CONVERSION = YES;
				CLANG_WARN_RANGE_LOOP_ANALYSIS = YES;
				CLANG_WARN_STRICT_PROTOTYPES = YES;
				CLANG_WARN_SUSPICIOUS_MOVE = YES;
				CLANG_WARN_UNREACHABLE_CODE = YES;
				CLANG_WARN__DUPLICATE_METHOD_MATCH = YES;
				CODE_SIGN_IDENTITY = "";
				DEBUG_INFORMATION_FORMAT = dwarf;
				ENABLE_STRICT_OBJC_MSGSEND = YES;
				ENABLE_TESTABILITY = NO;
				GCC_C_LANGUAGE_STANDARD = c11;
				GCC_INLINES_ARE_PRIVATE_EXTERN = YES;
				GCC_MODEL_TUNING = G5;
				GCC_NO_COMMON_BLOCKS = YES;
				GCC_SYMBOLS_PRIVATE_EXTERN = YES;
				GCC_WARN_64_TO_32_BIT_CONVERSION = YES;
				GCC_WARN_ABOUT_RETURN_TYPE = YES;
				GCC_WARN_CHECK_SWITCH_STATEMENTS = YES;
				GCC_WARN_MISSING_PARENTHESES = YES;
				GCC_WARN_NON_VIRTUAL_DESTRUCTOR = YES;
				GCC_WARN_TYPECHECK_CALLS_TO_PRINTF = YES;
				GCC_WARN_UNDECLARED_SELECTOR = YES;
				GCC_WARN_UNINITIALIZED_AUTOS = YES;
				GCC_WARN_UNUSED_FUNCTION = YES;
				GCC_WARN_UNUSED_VARIABLE = YES;
				PRODUCT_NAME = "Audio_Player";
				SDKROOT = macosx;
				WARNING_CFLAGS = "-Wreorder";
				ZERO_LINK = NO;
			};
			name = Release;
		};
		5D0DD937EC5162F2D3656713 /* Debug */ = {
			isa = XCBuildConfiguration;
			buildSettings = {
				ALWAYS_SEARCH_USER_PATHS = NO;
				CLANG_ENABLE_OBJC_WEAK = YES;
				CLANG_WARN_BLOCK_CAPTURE_AUTORELEASING = YES;
				CLANG_WARN_BOOL_CONVERSION = YES;
				CLANG_WARN_COMMA = YES;
				CLANG_WARN_CONSTANT_CONVERSION = YES;
				CLANG_WARN_DEPRECATED_OBJC_IMPLEMENTATIONS = YES;
				CLANG_WARN_EMPTY_BODY = YES;
				CLANG_WARN_ENUM_CONVERSION = YES;
				CLANG_WARN_INFINITE_RECURSION = YES;
				CLANG_WARN_INT_CONVERSION = YES;
				CLANG_WARN_NON_LITERAL_NULL_CONVERSION = YES;
				CLANG_WARN_OBJC_IMPLICIT_RETAIN_SELF = YES;
				CLANG_WARN_OBJC_LITERAL_CONVERSION = YES;
				CLANG_WARN_RANGE_LOOP_ANALYSIS = YES;
				CLANG_WARN_STRICT_PROTOTYPES = YES;
				CLANG_WARN_SUSPICIOUS_MOVE = YES;
				CLANG_WARN_UNREACHABLE_CODE = YES;
				CLANG_WARN__DUPLICATE_METHOD_MATCH = YES;
				CODE_SIGN_IDENTITY = "";
				DEBUG_INFORMATION_FORMAT = dwarf;
				ENABLE_STRICT_OBJC_MSGSEND = YES;
				ENABLE_TESTABILITY = NO;
				GCC_C_LANGUAGE_STANDARD = c11;
				GCC_INLINES_ARE_PRIVATE_EXTERN = YES;
				GCC_MODEL_TUNING = G5;
				GCC_NO_COMMON_BLOCKS = YES;
				GCC_SYMBOLS_PRIVATE_EXTERN = YES;
				GCC_WARN_64_TO_32_BIT_CONVERSION = YES;
				GCC_WARN_ABOUT_RETURN_TYPE = YES;
				GCC_WARN_CHECK_SWITCH_STATEMENTS = YES;
				GCC_WARN_MISSING_PARENTHESES = YES;
				GCC_WARN_NON_VIRTUAL_DESTRUCTOR = YES;
				GCC_WARN_TYPECHECK_CALLS_TO_PRINTF = YES;
				GCC_WARN_UNDECLARED_SELECTOR = YES;
				GCC_WARN_UNINITIALIZED_AUTOS = YES;
				GCC_WARN_UNUSED_FUNCTION = YES;
				GCC_WARN_UNUSED_VARIABLE = YES;
				ONLY_ACTIVE_ARCH = YES;
				PRODUCT_NAME = "Audio_Player";
				SDKROOT = macosx;
				WARNING_CFLAGS = "-Wreorder";
				ZERO_LINK = NO;
			};
			name = Debug;
		};
/* End XCBuildConfiguration section */

/* Begin XCConfigurationList section */
		069CFD33940CAFACB5A4BECF = {
			isa = XCConfigurationList;
			buildConfigurations = (
				47B56A19A667B737F40712FD,
				5D0DD937EC5162F2D3656713,
			);
			defaultConfigurationIsVisible = 0;
			defaultConfigurationName = Debug;
		};
		FB7B7214081D15DAF886CE66 = {
			isa = XCConfigurationList;
			buildConfigurations = (
				2B0DC8AED5FF6A72258C915E,
				1E76E23CB3CF17FFA8C93E03,
			);
			defaultConfigurationIsVisible = 0;
			defaultConfigurationName = Debug;
		};
/* End XCConfigurationList section */
	};
	rootObject = 833603D50F007C3D8FD3FE5B /* Project object */;
}
